// !$*UTF8*$!
{
	archiveVersion = 1;
	classes = {
	};
	objectVersion = 46;
	objects = {

/* Begin PBXBuildFile section */
		E54C80561683FBE5007F59A4 /* account_login.png in Resources */ = {isa = PBXBuildFile; fileRef = E54C80381683FBE5007F59A4 /* account_login.png */; };
		E54C80571683FBE5007F59A4 /* account_login@2x.png in Resources */ = {isa = PBXBuildFile; fileRef = E54C80391683FBE5007F59A4 /* account_login@2x.png */; };
		E54C80581683FBE5007F59A4 /* account_register.png in Resources */ = {isa = PBXBuildFile; fileRef = E54C803A1683FBE5007F59A4 /* account_register.png */; };
		E54C80591683FBE5007F59A4 /* account_register@2x.png in Resources */ = {isa = PBXBuildFile; fileRef = E54C803B1683FBE5007F59A4 /* account_register@2x.png */; };
		E54C805A1683FBE5007F59A4 /* geo_ok.png in Resources */ = {isa = PBXBuildFile; fileRef = E54C803C1683FBE5007F59A4 /* geo_ok.png */; };
		E54C805B1683FBE5007F59A4 /* geo_ok@2x.png in Resources */ = {isa = PBXBuildFile; fileRef = E54C803D1683FBE5007F59A4 /* geo_ok@2x.png */; };
		E54C805C1683FBE5007F59A4 /* guest_bar_login.png in Resources */ = {isa = PBXBuildFile; fileRef = E54C803E1683FBE5007F59A4 /* guest_bar_login.png */; };
		E54C805D1683FBE5007F59A4 /* guest_bar_login@2x.png in Resources */ = {isa = PBXBuildFile; fileRef = E54C803F1683FBE5007F59A4 /* guest_bar_login@2x.png */; };
		E54C805E1683FBE5007F59A4 /* guest_bar_signup.png in Resources */ = {isa = PBXBuildFile; fileRef = E54C80401683FBE5007F59A4 /* guest_bar_signup.png */; };
		E54C805F1683FBE5007F59A4 /* guest_bar_signup@2x.png in Resources */ = {isa = PBXBuildFile; fileRef = E54C80411683FBE5007F59A4 /* guest_bar_signup@2x.png */; };
		E54C80601683FBE5007F59A4 /* guest_bar.png in Resources */ = {isa = PBXBuildFile; fileRef = E54C80421683FBE5007F59A4 /* guest_bar.png */; };
		E54C80611683FBE5007F59A4 /* guest_bar@2x.png in Resources */ = {isa = PBXBuildFile; fileRef = E54C80431683FBE5007F59A4 /* guest_bar@2x.png */; };
		E54C80621683FBE5007F59A4 /* login_btn.png in Resources */ = {isa = PBXBuildFile; fileRef = E54C80441683FBE5007F59A4 /* login_btn.png */; };
		E54C80631683FBE5007F59A4 /* login_btn@2x.png in Resources */ = {isa = PBXBuildFile; fileRef = E54C80451683FBE5007F59A4 /* login_btn@2x.png */; };
		E54C80641683FBE5007F59A4 /* message_bubble_me.png in Resources */ = {isa = PBXBuildFile; fileRef = E54C80461683FBE5007F59A4 /* message_bubble_me.png */; };
		E54C80651683FBE5007F59A4 /* message_bubble_me@2x.png in Resources */ = {isa = PBXBuildFile; fileRef = E54C80471683FBE5007F59A4 /* message_bubble_me@2x.png */; };
		E54C80661683FBE5007F59A4 /* nav_back_highlight.png in Resources */ = {isa = PBXBuildFile; fileRef = E54C80481683FBE5007F59A4 /* nav_back_highlight.png */; };
		E54C80671683FBE5007F59A4 /* nav_back_highlight@2x.png in Resources */ = {isa = PBXBuildFile; fileRef = E54C80491683FBE5007F59A4 /* nav_back_highlight@2x.png */; };
		E54C80681683FBE5007F59A4 /* nav_back.png in Resources */ = {isa = PBXBuildFile; fileRef = E54C804A1683FBE5007F59A4 /* nav_back.png */; };
		E54C80691683FBE5007F59A4 /* nav_back@2x.png in Resources */ = {isa = PBXBuildFile; fileRef = E54C804B1683FBE5007F59A4 /* nav_back@2x.png */; };
		E54C806A1683FBE5007F59A4 /* navbar_blank.png in Resources */ = {isa = PBXBuildFile; fileRef = E54C804C1683FBE5007F59A4 /* navbar_blank.png */; };
		E54C806B1683FBE5007F59A4 /* navbar_blank@2x.png in Resources */ = {isa = PBXBuildFile; fileRef = E54C804D1683FBE5007F59A4 /* navbar_blank@2x.png */; };
		E54C806C1683FBE5007F59A4 /* wishes_list_been_to_hl.png in Resources */ = {isa = PBXBuildFile; fileRef = E54C804E1683FBE5007F59A4 /* wishes_list_been_to_hl.png */; };
		E54C806D1683FBE5007F59A4 /* wishes_list_been_to_hl@2x.png in Resources */ = {isa = PBXBuildFile; fileRef = E54C804F1683FBE5007F59A4 /* wishes_list_been_to_hl@2x.png */; };
		E54C806E1683FBE5007F59A4 /* wishes_list_been_to.png in Resources */ = {isa = PBXBuildFile; fileRef = E54C80501683FBE5007F59A4 /* wishes_list_been_to.png */; };
		E54C806F1683FBE5007F59A4 /* wishes_list_been_to@2x.png in Resources */ = {isa = PBXBuildFile; fileRef = E54C80511683FBE5007F59A4 /* wishes_list_been_to@2x.png */; };
		E54C80701683FBE5007F59A4 /* wishes_list_want_to_go_hl.png in Resources */ = {isa = PBXBuildFile; fileRef = E54C80521683FBE5007F59A4 /* wishes_list_want_to_go_hl.png */; };
		E54C80711683FBE5007F59A4 /* wishes_list_want_to_go_hl@2x.png in Resources */ = {isa = PBXBuildFile; fileRef = E54C80531683FBE5007F59A4 /* wishes_list_want_to_go_hl@2x.png */; };
		E54C80721683FBE5007F59A4 /* wishes_list_want_to_go.png in Resources */ = {isa = PBXBuildFile; fileRef = E54C80541683FBE5007F59A4 /* wishes_list_want_to_go.png */; };
		E54C80731683FBE5007F59A4 /* wishes_list_want_to_go@2x.png in Resources */ = {isa = PBXBuildFile; fileRef = E54C80551683FBE5007F59A4 /* wishes_list_want_to_go@2x.png */; };
		E54C80791683FBFE007F59A4 /* CustomerViewController.m in Sources */ = {isa = PBXBuildFile; fileRef = E54C80761683FBFE007F59A4 /* CustomerViewController.m */; };
		E54C807A1683FBFE007F59A4 /* TabBarView.m in Sources */ = {isa = PBXBuildFile; fileRef = E54C80781683FBFE007F59A4 /* TabBarView.m */; };
		E54C80851683FC25007F59A4 /* CustomerTabBarController.m in Sources */ = {isa = PBXBuildFile; fileRef = E54C807C1683FC25007F59A4 /* CustomerTabBarController.m */; };
		E54C80861683FC25007F59A4 /* LoginInViewController.m in Sources */ = {isa = PBXBuildFile; fileRef = E54C807E1683FC25007F59A4 /* LoginInViewController.m */; };
		E54C80871683FC25007F59A4 /* SignupViewController.m in Sources */ = {isa = PBXBuildFile; fileRef = E54C80801683FC25007F59A4 /* SignupViewController.m */; };
		E54C80881683FC25007F59A4 /* UnLoginViewController.m in Sources */ = {isa = PBXBuildFile; fileRef = E54C80821683FC25007F59A4 /* UnLoginViewController.m */; };
		E54C80891683FC25007F59A4 /* WeiBoViewController.m in Sources */ = {isa = PBXBuildFile; fileRef = E54C80841683FC25007F59A4 /* WeiBoViewController.m */; };
		E54C808B1683FD13007F59A4 /* MainStoryboard.storyboard in Resources */ = {isa = PBXBuildFile; fileRef = E54C808A1683FD13007F59A4 /* MainStoryboard.storyboard */; };
		E54C809516843768007F59A4 /* TPKeyboardAvoidingScrollView.m in Sources */ = {isa = PBXBuildFile; fileRef = E54C809416843768007F59A4 /* TPKeyboardAvoidingScrollView.m */; };
		E54C809F168443EF007F59A4 /* MainPicViewController.m in Sources */ = {isa = PBXBuildFile; fileRef = E54C809E168443EF007F59A4 /* MainPicViewController.m */; };
		E54C80A2168448A5007F59A4 /* HotTableViewCell.m in Sources */ = {isa = PBXBuildFile; fileRef = E54C80A1168448A5007F59A4 /* HotTableViewCell.m */; };
		E54C80A5168448BB007F59A4 /* LiveTableViewCell.m in Sources */ = {isa = PBXBuildFile; fileRef = E54C80A4168448BA007F59A4 /* LiveTableViewCell.m */; };
		E590C0FF1688344E000506A5 /* IMG_0169.JPG in Resources */ = {isa = PBXBuildFile; fileRef = E590C0F01688344E000506A5 /* IMG_0169.JPG */; };
		E590C1001688344E000506A5 /* IMG_0189.JPG in Resources */ = {isa = PBXBuildFile; fileRef = E590C0F11688344E000506A5 /* IMG_0189.JPG */; };
		E590C1011688344E000506A5 /* IMG_0190.JPG in Resources */ = {isa = PBXBuildFile; fileRef = E590C0F21688344E000506A5 /* IMG_0190.JPG */; };
		E590C1021688344E000506A5 /* IMG_0191.JPG in Resources */ = {isa = PBXBuildFile; fileRef = E590C0F31688344E000506A5 /* IMG_0191.JPG */; };
		E590C1031688344E000506A5 /* IMG_0192.JPG in Resources */ = {isa = PBXBuildFile; fileRef = E590C0F41688344E000506A5 /* IMG_0192.JPG */; };
		E590C1041688344E000506A5 /* IMG_0193.JPG in Resources */ = {isa = PBXBuildFile; fileRef = E590C0F51688344E000506A5 /* IMG_0193.JPG */; };
		E590C1051688344E000506A5 /* IMG_0194.JPG in Resources */ = {isa = PBXBuildFile; fileRef = E590C0F61688344E000506A5 /* IMG_0194.JPG */; };
		E590C1061688344E000506A5 /* IMG_0195.JPG in Resources */ = {isa = PBXBuildFile; fileRef = E590C0F71688344E000506A5 /* IMG_0195.JPG */; };
		E590C1071688344E000506A5 /* IMG_0196.JPG in Resources */ = {isa = PBXBuildFile; fileRef = E590C0F81688344E000506A5 /* IMG_0196.JPG */; };
		E590C1081688344E000506A5 /* IMG_0197.JPG in Resources */ = {isa = PBXBuildFile; fileRef = E590C0F91688344E000506A5 /* IMG_0197.JPG */; };
		E590C1091688344E000506A5 /* IMG_0198.JPG in Resources */ = {isa = PBXBuildFile; fileRef = E590C0FA1688344E000506A5 /* IMG_0198.JPG */; };
		E590C10A1688344E000506A5 /* IMG_0199.JPG in Resources */ = {isa = PBXBuildFile; fileRef = E590C0FB1688344E000506A5 /* IMG_0199.JPG */; };
		E590C10B1688344E000506A5 /* IMG_0200.JPG in Resources */ = {isa = PBXBuildFile; fileRef = E590C0FC1688344E000506A5 /* IMG_0200.JPG */; };
		E590C10C1688344E000506A5 /* IMG_0201.JPG in Resources */ = {isa = PBXBuildFile; fileRef = E590C0FD1688344E000506A5 /* IMG_0201.JPG */; };
		E590C10D1688344E000506A5 /* IMG_0202.JPG in Resources */ = {isa = PBXBuildFile; fileRef = E590C0FE1688344E000506A5 /* IMG_0202.JPG */; };
		E590C11916883D82000506A5 /* explore_hottrip_info_bg.png in Resources */ = {isa = PBXBuildFile; fileRef = E590C11716883D82000506A5 /* explore_hottrip_info_bg.png */; };
		E590C11A16883D82000506A5 /* explore_hottrip_info_bg@2x.png in Resources */ = {isa = PBXBuildFile; fileRef = E590C11816883D82000506A5 /* explore_hottrip_info_bg@2x.png */; };
		E590C11D16883DAA000506A5 /* background_normal_gray.png in Resources */ = {isa = PBXBuildFile; fileRef = E590C11B16883DAA000506A5 /* background_normal_gray.png */; };
		E590C11E16883DAA000506A5 /* background_normal_gray@2x.png in Resources */ = {isa = PBXBuildFile; fileRef = E590C11C16883DAA000506A5 /* background_normal_gray@2x.png */; };
		E590C125168841A8000506A5 /* float_comment.png in Resources */ = {isa = PBXBuildFile; fileRef = E590C11F168841A8000506A5 /* float_comment.png */; };
		E590C126168841A8000506A5 /* float_comment@2x.png in Resources */ = {isa = PBXBuildFile; fileRef = E590C120168841A8000506A5 /* float_comment@2x.png */; };
		E590C127168841A8000506A5 /* float_like_highlight.png in Resources */ = {isa = PBXBuildFile; fileRef = E590C121168841A8000506A5 /* float_like_highlight.png */; };
		E590C128168841A8000506A5 /* float_like_highlight@2x.png in Resources */ = {isa = PBXBuildFile; fileRef = E590C122168841A8000506A5 /* float_like_highlight@2x.png */; };
		E590C129168841A8000506A5 /* float_like.png in Resources */ = {isa = PBXBuildFile; fileRef = E590C123168841A8000506A5 /* float_like.png */; };
		E590C12A168841A8000506A5 /* float_like@2x.png in Resources */ = {isa = PBXBuildFile; fileRef = E590C124168841A8000506A5 /* float_like@2x.png */; };
		E590C12F16884234000506A5 /* notification_photo_background.png in Resources */ = {isa = PBXBuildFile; fileRef = E590C12B16884234000506A5 /* notification_photo_background.png */; };
		E590C13016884234000506A5 /* notification_photo_background@2x.png in Resources */ = {isa = PBXBuildFile; fileRef = E590C12C16884234000506A5 /* notification_photo_background@2x.png */; };
		E590C13116884234000506A5 /* notification_text_background.png in Resources */ = {isa = PBXBuildFile; fileRef = E590C12D16884234000506A5 /* notification_text_background.png */; };
		E590C13216884234000506A5 /* notification_text_background@2x.png in Resources */ = {isa = PBXBuildFile; fileRef = E590C12E16884234000506A5 /* notification_text_background@2x.png */; };
		E590C13716884553000506A5 /* camera.png in Resources */ = {isa = PBXBuildFile; fileRef = E590C13316884552000506A5 /* camera.png */; };
		E590C13816884553000506A5 /* camera@2x.png in Resources */ = {isa = PBXBuildFile; fileRef = E590C13416884552000506A5 /* camera@2x.png */; };
		E590C13916884553000506A5 /* clock_gray.png in Resources */ = {isa = PBXBuildFile; fileRef = E590C13516884553000506A5 /* clock_gray.png */; };
		E590C13A16884553000506A5 /* clock_gray@2x.png in Resources */ = {isa = PBXBuildFile; fileRef = E590C13616884553000506A5 /* clock_gray@2x.png */; };
		E590C13D168845CA000506A5 /* location_pin.png in Resources */ = {isa = PBXBuildFile; fileRef = E590C13B168845C9000506A5 /* location_pin.png */; };
		E590C13E168845CA000506A5 /* location_pin@2x.png in Resources */ = {isa = PBXBuildFile; fileRef = E590C13C168845C9000506A5 /* location_pin@2x.png */; };
		E5DD3DE416816177003330CE /* UIKit.framework in Frameworks */ = {isa = PBXBuildFile; fileRef = E5DD3DE316816177003330CE /* UIKit.framework */; };
		E5DD3DE616816177003330CE /* Foundation.framework in Frameworks */ = {isa = PBXBuildFile; fileRef = E5DD3DE516816177003330CE /* Foundation.framework */; };
		E5DD3DE816816177003330CE /* CoreGraphics.framework in Frameworks */ = {isa = PBXBuildFile; fileRef = E5DD3DE716816177003330CE /* CoreGraphics.framework */; };
		E5DD3DEE16816177003330CE /* InfoPlist.strings in Resources */ = {isa = PBXBuildFile; fileRef = E5DD3DEC16816177003330CE /* InfoPlist.strings */; };
		E5DD3DF016816177003330CE /* main.m in Sources */ = {isa = PBXBuildFile; fileRef = E5DD3DEF16816177003330CE /* main.m */; };
		E5DD3DF416816177003330CE /* AppDelegate.m in Sources */ = {isa = PBXBuildFile; fileRef = E5DD3DF316816177003330CE /* AppDelegate.m */; };
		E5DD3DF616816177003330CE /* Default.png in Resources */ = {isa = PBXBuildFile; fileRef = E5DD3DF516816177003330CE /* Default.png */; };
		E5DD3DF816816177003330CE /* Default@2x.png in Resources */ = {isa = PBXBuildFile; fileRef = E5DD3DF716816177003330CE /* Default@2x.png */; };
		E5DD3DFA16816177003330CE /* Default-568h@2x.png in Resources */ = {isa = PBXBuildFile; fileRef = E5DD3DF916816177003330CE /* Default-568h@2x.png */; };
		E5DD3E0016816177003330CE /* ViewController.m in Sources */ = {isa = PBXBuildFile; fileRef = E5DD3DFF16816177003330CE /* ViewController.m */; };
/* End PBXBuildFile section */

/* Begin PBXFileReference section */
		E54C80381683FBE5007F59A4 /* account_login.png */ = {isa = PBXFileReference; lastKnownFileType = image.png; path = account_login.png; sourceTree = "<group>"; };
		E54C80391683FBE5007F59A4 /* account_login@2x.png */ = {isa = PBXFileReference; lastKnownFileType = image.png; path = "account_login@2x.png"; sourceTree = "<group>"; };
		E54C803A1683FBE5007F59A4 /* account_register.png */ = {isa = PBXFileReference; lastKnownFileType = image.png; path = account_register.png; sourceTree = "<group>"; };
		E54C803B1683FBE5007F59A4 /* account_register@2x.png */ = {isa = PBXFileReference; lastKnownFileType = image.png; path = "account_register@2x.png"; sourceTree = "<group>"; };
		E54C803C1683FBE5007F59A4 /* geo_ok.png */ = {isa = PBXFileReference; lastKnownFileType = image.png; path = geo_ok.png; sourceTree = "<group>"; };
		E54C803D1683FBE5007F59A4 /* geo_ok@2x.png */ = {isa = PBXFileReference; lastKnownFileType = image.png; path = "geo_ok@2x.png"; sourceTree = "<group>"; };
		E54C803E1683FBE5007F59A4 /* guest_bar_login.png */ = {isa = PBXFileReference; lastKnownFileType = image.png; path = guest_bar_login.png; sourceTree = "<group>"; };
		E54C803F1683FBE5007F59A4 /* guest_bar_login@2x.png */ = {isa = PBXFileReference; lastKnownFileType = image.png; path = "guest_bar_login@2x.png"; sourceTree = "<group>"; };
		E54C80401683FBE5007F59A4 /* guest_bar_signup.png */ = {isa = PBXFileReference; lastKnownFileType = image.png; path = guest_bar_signup.png; sourceTree = "<group>"; };
		E54C80411683FBE5007F59A4 /* guest_bar_signup@2x.png */ = {isa = PBXFileReference; lastKnownFileType = image.png; path = "guest_bar_signup@2x.png"; sourceTree = "<group>"; };
		E54C80421683FBE5007F59A4 /* guest_bar.png */ = {isa = PBXFileReference; lastKnownFileType = image.png; path = guest_bar.png; sourceTree = "<group>"; };
		E54C80431683FBE5007F59A4 /* guest_bar@2x.png */ = {isa = PBXFileReference; lastKnownFileType = image.png; path = "guest_bar@2x.png"; sourceTree = "<group>"; };
		E54C80441683FBE5007F59A4 /* login_btn.png */ = {isa = PBXFileReference; lastKnownFileType = image.png; path = login_btn.png; sourceTree = "<group>"; };
		E54C80451683FBE5007F59A4 /* login_btn@2x.png */ = {isa = PBXFileReference; lastKnownFileType = image.png; path = "login_btn@2x.png"; sourceTree = "<group>"; };
		E54C80461683FBE5007F59A4 /* message_bubble_me.png */ = {isa = PBXFileReference; lastKnownFileType = image.png; path = message_bubble_me.png; sourceTree = "<group>"; };
		E54C80471683FBE5007F59A4 /* message_bubble_me@2x.png */ = {isa = PBXFileReference; lastKnownFileType = image.png; path = "message_bubble_me@2x.png"; sourceTree = "<group>"; };
		E54C80481683FBE5007F59A4 /* nav_back_highlight.png */ = {isa = PBXFileReference; lastKnownFileType = image.png; path = nav_back_highlight.png; sourceTree = "<group>"; };
		E54C80491683FBE5007F59A4 /* nav_back_highlight@2x.png */ = {isa = PBXFileReference; lastKnownFileType = image.png; path = "nav_back_highlight@2x.png"; sourceTree = "<group>"; };
		E54C804A1683FBE5007F59A4 /* nav_back.png */ = {isa = PBXFileReference; lastKnownFileType = image.png; path = nav_back.png; sourceTree = "<group>"; };
		E54C804B1683FBE5007F59A4 /* nav_back@2x.png */ = {isa = PBXFileReference; lastKnownFileType = image.png; path = "nav_back@2x.png"; sourceTree = "<group>"; };
		E54C804C1683FBE5007F59A4 /* navbar_blank.png */ = {isa = PBXFileReference; lastKnownFileType = image.png; path = navbar_blank.png; sourceTree = "<group>"; };
		E54C804D1683FBE5007F59A4 /* navbar_blank@2x.png */ = {isa = PBXFileReference; lastKnownFileType = image.png; path = "navbar_blank@2x.png"; sourceTree = "<group>"; };
		E54C804E1683FBE5007F59A4 /* wishes_list_been_to_hl.png */ = {isa = PBXFileReference; lastKnownFileType = image.png; path = wishes_list_been_to_hl.png; sourceTree = "<group>"; };
		E54C804F1683FBE5007F59A4 /* wishes_list_been_to_hl@2x.png */ = {isa = PBXFileReference; lastKnownFileType = image.png; path = "wishes_list_been_to_hl@2x.png"; sourceTree = "<group>"; };
		E54C80501683FBE5007F59A4 /* wishes_list_been_to.png */ = {isa = PBXFileReference; lastKnownFileType = image.png; path = wishes_list_been_to.png; sourceTree = "<group>"; };
		E54C80511683FBE5007F59A4 /* wishes_list_been_to@2x.png */ = {isa = PBXFileReference; lastKnownFileType = image.png; path = "wishes_list_been_to@2x.png"; sourceTree = "<group>"; };
		E54C80521683FBE5007F59A4 /* wishes_list_want_to_go_hl.png */ = {isa = PBXFileReference; lastKnownFileType = image.png; path = wishes_list_want_to_go_hl.png; sourceTree = "<group>"; };
		E54C80531683FBE5007F59A4 /* wishes_list_want_to_go_hl@2x.png */ = {isa = PBXFileReference; lastKnownFileType = image.png; path = "wishes_list_want_to_go_hl@2x.png"; sourceTree = "<group>"; };
		E54C80541683FBE5007F59A4 /* wishes_list_want_to_go.png */ = {isa = PBXFileReference; lastKnownFileType = image.png; path = wishes_list_want_to_go.png; sourceTree = "<group>"; };
		E54C80551683FBE5007F59A4 /* wishes_list_want_to_go@2x.png */ = {isa = PBXFileReference; lastKnownFileType = image.png; path = "wishes_list_want_to_go@2x.png"; sourceTree = "<group>"; };
		E54C80751683FBFE007F59A4 /* CustomerViewController.h */ = {isa = PBXFileReference; fileEncoding = 4; lastKnownFileType = sourcecode.c.h; path = CustomerViewController.h; sourceTree = "<group>"; };
		E54C80761683FBFE007F59A4 /* CustomerViewController.m */ = {isa = PBXFileReference; fileEncoding = 4; lastKnownFileType = sourcecode.c.objc; path = CustomerViewController.m; sourceTree = "<group>"; };
		E54C80771683FBFE007F59A4 /* TabBarView.h */ = {isa = PBXFileReference; fileEncoding = 4; lastKnownFileType = sourcecode.c.h; path = TabBarView.h; sourceTree = "<group>"; };
		E54C80781683FBFE007F59A4 /* TabBarView.m */ = {isa = PBXFileReference; fileEncoding = 4; lastKnownFileType = sourcecode.c.objc; path = TabBarView.m; sourceTree = "<group>"; };
		E54C807B1683FC25007F59A4 /* CustomerTabBarController.h */ = {isa = PBXFileReference; fileEncoding = 4; lastKnownFileType = sourcecode.c.h; path = CustomerTabBarController.h; sourceTree = "<group>"; };
		E54C807C1683FC25007F59A4 /* CustomerTabBarController.m */ = {isa = PBXFileReference; fileEncoding = 4; lastKnownFileType = sourcecode.c.objc; path = CustomerTabBarController.m; sourceTree = "<group>"; };
		E54C807D1683FC25007F59A4 /* LoginInViewController.h */ = {isa = PBXFileReference; fileEncoding = 4; lastKnownFileType = sourcecode.c.h; path = LoginInViewController.h; sourceTree = "<group>"; };
		E54C807E1683FC25007F59A4 /* LoginInViewController.m */ = {isa = PBXFileReference; fileEncoding = 4; lastKnownFileType = sourcecode.c.objc; path = LoginInViewController.m; sourceTree = "<group>"; };
		E54C807F1683FC25007F59A4 /* SignupViewController.h */ = {isa = PBXFileReference; fileEncoding = 4; lastKnownFileType = sourcecode.c.h; path = SignupViewController.h; sourceTree = "<group>"; };
		E54C80801683FC25007F59A4 /* SignupViewController.m */ = {isa = PBXFileReference; fileEncoding = 4; lastKnownFileType = sourcecode.c.objc; path = SignupViewController.m; sourceTree = "<group>"; };
		E54C80811683FC25007F59A4 /* UnLoginViewController.h */ = {isa = PBXFileReference; fileEncoding = 4; lastKnownFileType = sourcecode.c.h; path = UnLoginViewController.h; sourceTree = "<group>"; };
		E54C80821683FC25007F59A4 /* UnLoginViewController.m */ = {isa = PBXFileReference; fileEncoding = 4; lastKnownFileType = sourcecode.c.objc; path = UnLoginViewController.m; sourceTree = "<group>"; };
		E54C80831683FC25007F59A4 /* WeiBoViewController.h */ = {isa = PBXFileReference; fileEncoding = 4; lastKnownFileType = sourcecode.c.h; path = WeiBoViewController.h; sourceTree = "<group>"; };
		E54C80841683FC25007F59A4 /* WeiBoViewController.m */ = {isa = PBXFileReference; fileEncoding = 4; lastKnownFileType = sourcecode.c.objc; path = WeiBoViewController.m; sourceTree = "<group>"; };
		E54C808A1683FD13007F59A4 /* MainStoryboard.storyboard */ = {isa = PBXFileReference; fileEncoding = 4; lastKnownFileType = file.storyboard; path = MainStoryboard.storyboard; sourceTree = "<group>"; };
		E54C809316843768007F59A4 /* TPKeyboardAvoidingScrollView.h */ = {isa = PBXFileReference; fileEncoding = 4; lastKnownFileType = sourcecode.c.h; path = TPKeyboardAvoidingScrollView.h; sourceTree = "<group>"; };
		E54C809416843768007F59A4 /* TPKeyboardAvoidingScrollView.m */ = {isa = PBXFileReference; fileEncoding = 4; lastKnownFileType = sourcecode.c.objc; path = TPKeyboardAvoidingScrollView.m; sourceTree = "<group>"; };
		E54C809D168443EF007F59A4 /* MainPicViewController.h */ = {isa = PBXFileReference; fileEncoding = 4; lastKnownFileType = sourcecode.c.h; path = MainPicViewController.h; sourceTree = "<group>"; };
		E54C809E168443EF007F59A4 /* MainPicViewController.m */ = {isa = PBXFileReference; fileEncoding = 4; lastKnownFileType = sourcecode.c.objc; path = MainPicViewController.m; sourceTree = "<group>"; };
		E54C80A0168448A4007F59A4 /* HotTableViewCell.h */ = {isa = PBXFileReference; fileEncoding = 4; lastKnownFileType = sourcecode.c.h; path = HotTableViewCell.h; sourceTree = "<group>"; };
		E54C80A1168448A5007F59A4 /* HotTableViewCell.m */ = {isa = PBXFileReference; fileEncoding = 4; lastKnownFileType = sourcecode.c.objc; path = HotTableViewCell.m; sourceTree = "<group>"; };
		E54C80A3168448BA007F59A4 /* LiveTableViewCell.h */ = {isa = PBXFileReference; fileEncoding = 4; lastKnownFileType = sourcecode.c.h; path = LiveTableViewCell.h; sourceTree = "<group>"; };
		E54C80A4168448BA007F59A4 /* LiveTableViewCell.m */ = {isa = PBXFileReference; fileEncoding = 4; lastKnownFileType = sourcecode.c.objc; path = LiveTableViewCell.m; sourceTree = "<group>"; };
		E590C0F01688344E000506A5 /* IMG_0169.JPG */ = {isa = PBXFileReference; lastKnownFileType = image.jpeg; path = IMG_0169.JPG; sourceTree = "<group>"; };
		E590C0F11688344E000506A5 /* IMG_0189.JPG */ = {isa = PBXFileReference; lastKnownFileType = image.jpeg; path = IMG_0189.JPG; sourceTree = "<group>"; };
		E590C0F21688344E000506A5 /* IMG_0190.JPG */ = {isa = PBXFileReference; lastKnownFileType = image.jpeg; path = IMG_0190.JPG; sourceTree = "<group>"; };
		E590C0F31688344E000506A5 /* IMG_0191.JPG */ = {isa = PBXFileReference; lastKnownFileType = image.jpeg; path = IMG_0191.JPG; sourceTree = "<group>"; };
		E590C0F41688344E000506A5 /* IMG_0192.JPG */ = {isa = PBXFileReference; lastKnownFileType = image.jpeg; path = IMG_0192.JPG; sourceTree = "<group>"; };
		E590C0F51688344E000506A5 /* IMG_0193.JPG */ = {isa = PBXFileReference; lastKnownFileType = image.jpeg; path = IMG_0193.JPG; sourceTree = "<group>"; };
		E590C0F61688344E000506A5 /* IMG_0194.JPG */ = {isa = PBXFileReference; lastKnownFileType = image.jpeg; path = IMG_0194.JPG; sourceTree = "<group>"; };
		E590C0F71688344E000506A5 /* IMG_0195.JPG */ = {isa = PBXFileReference; lastKnownFileType = image.jpeg; path = IMG_0195.JPG; sourceTree = "<group>"; };
		E590C0F81688344E000506A5 /* IMG_0196.JPG */ = {isa = PBXFileReference; lastKnownFileType = image.jpeg; path = IMG_0196.JPG; sourceTree = "<group>"; };
		E590C0F91688344E000506A5 /* IMG_0197.JPG */ = {isa = PBXFileReference; lastKnownFileType = image.jpeg; path = IMG_0197.JPG; sourceTree = "<group>"; };
		E590C0FA1688344E000506A5 /* IMG_0198.JPG */ = {isa = PBXFileReference; lastKnownFileType = image.jpeg; path = IMG_0198.JPG; sourceTree = "<group>"; };
		E590C0FB1688344E000506A5 /* IMG_0199.JPG */ = {isa = PBXFileReference; lastKnownFileType = image.jpeg; path = IMG_0199.JPG; sourceTree = "<group>"; };
		E590C0FC1688344E000506A5 /* IMG_0200.JPG */ = {isa = PBXFileReference; lastKnownFileType = image.jpeg; path = IMG_0200.JPG; sourceTree = "<group>"; };
		E590C0FD1688344E000506A5 /* IMG_0201.JPG */ = {isa = PBXFileReference; lastKnownFileType = image.jpeg; path = IMG_0201.JPG; sourceTree = "<group>"; };
		E590C0FE1688344E000506A5 /* IMG_0202.JPG */ = {isa = PBXFileReference; lastKnownFileType = image.jpeg; path = IMG_0202.JPG; sourceTree = "<group>"; };
		E590C11716883D82000506A5 /* explore_hottrip_info_bg.png */ = {isa = PBXFileReference; lastKnownFileType = image.png; path = explore_hottrip_info_bg.png; sourceTree = "<group>"; };
		E590C11816883D82000506A5 /* explore_hottrip_info_bg@2x.png */ = {isa = PBXFileReference; lastKnownFileType = image.png; path = "explore_hottrip_info_bg@2x.png"; sourceTree = "<group>"; };
		E590C11B16883DAA000506A5 /* background_normal_gray.png */ = {isa = PBXFileReference; lastKnownFileType = image.png; path = background_normal_gray.png; sourceTree = "<group>"; };
		E590C11C16883DAA000506A5 /* background_normal_gray@2x.png */ = {isa = PBXFileReference; lastKnownFileType = image.png; path = "background_normal_gray@2x.png"; sourceTree = "<group>"; };
		E590C11F168841A8000506A5 /* float_comment.png */ = {isa = PBXFileReference; lastKnownFileType = image.png; path = float_comment.png; sourceTree = "<group>"; };
		E590C120168841A8000506A5 /* float_comment@2x.png */ = {isa = PBXFileReference; lastKnownFileType = image.png; path = "float_comment@2x.png"; sourceTree = "<group>"; };
		E590C121168841A8000506A5 /* float_like_highlight.png */ = {isa = PBXFileReference; lastKnownFileType = image.png; path = float_like_highlight.png; sourceTree = "<group>"; };
		E590C122168841A8000506A5 /* float_like_highlight@2x.png */ = {isa = PBXFileReference; lastKnownFileType = image.png; path = "float_like_highlight@2x.png"; sourceTree = "<group>"; };
		E590C123168841A8000506A5 /* float_like.png */ = {isa = PBXFileReference; lastKnownFileType = image.png; path = float_like.png; sourceTree = "<group>"; };
		E590C124168841A8000506A5 /* float_like@2x.png */ = {isa = PBXFileReference; lastKnownFileType = image.png; path = "float_like@2x.png"; sourceTree = "<group>"; };
		E590C12B16884234000506A5 /* notification_photo_background.png */ = {isa = PBXFileReference; lastKnownFileType = image.png; path = notification_photo_background.png; sourceTree = "<group>"; };
		E590C12C16884234000506A5 /* notification_photo_background@2x.png */ = {isa = PBXFileReference; lastKnownFileType = image.png; path = "notification_photo_background@2x.png"; sourceTree = "<group>"; };
		E590C12D16884234000506A5 /* notification_text_background.png */ = {isa = PBXFileReference; lastKnownFileType = image.png; path = notification_text_background.png; sourceTree = "<group>"; };
		E590C12E16884234000506A5 /* notification_text_background@2x.png */ = {isa = PBXFileReference; lastKnownFileType = image.png; path = "notification_text_background@2x.png"; sourceTree = "<group>"; };
		E590C13316884552000506A5 /* camera.png */ = {isa = PBXFileReference; lastKnownFileType = image.png; path = camera.png; sourceTree = "<group>"; };
		E590C13416884552000506A5 /* camera@2x.png */ = {isa = PBXFileReference; lastKnownFileType = image.png; path = "camera@2x.png"; sourceTree = "<group>"; };
		E590C13516884553000506A5 /* clock_gray.png */ = {isa = PBXFileReference; lastKnownFileType = image.png; path = clock_gray.png; sourceTree = "<group>"; };
		E590C13616884553000506A5 /* clock_gray@2x.png */ = {isa = PBXFileReference; lastKnownFileType = image.png; path = "clock_gray@2x.png"; sourceTree = "<group>"; };
		E590C13B168845C9000506A5 /* location_pin.png */ = {isa = PBXFileReference; lastKnownFileType = image.png; path = location_pin.png; sourceTree = "<group>"; };
		E590C13C168845C9000506A5 /* location_pin@2x.png */ = {isa = PBXFileReference; lastKnownFileType = image.png; path = "location_pin@2x.png"; sourceTree = "<group>"; };
		E5DD3DDF16816177003330CE /* BreadTrip.app */ = {isa = PBXFileReference; explicitFileType = wrapper.application; includeInIndex = 0; path = BreadTrip.app; sourceTree = BUILT_PRODUCTS_DIR; };
		E5DD3DE316816177003330CE /* UIKit.framework */ = {isa = PBXFileReference; lastKnownFileType = wrapper.framework; name = UIKit.framework; path = System/Library/Frameworks/UIKit.framework; sourceTree = SDKROOT; };
		E5DD3DE516816177003330CE /* Foundation.framework */ = {isa = PBXFileReference; lastKnownFileType = wrapper.framework; name = Foundation.framework; path = System/Library/Frameworks/Foundation.framework; sourceTree = SDKROOT; };
		E5DD3DE716816177003330CE /* CoreGraphics.framework */ = {isa = PBXFileReference; lastKnownFileType = wrapper.framework; name = CoreGraphics.framework; path = System/Library/Frameworks/CoreGraphics.framework; sourceTree = SDKROOT; };
		E5DD3DEB16816177003330CE /* BreadTrip-Info.plist */ = {isa = PBXFileReference; lastKnownFileType = text.plist.xml; path = "BreadTrip-Info.plist"; sourceTree = "<group>"; };
		E5DD3DED16816177003330CE /* en */ = {isa = PBXFileReference; lastKnownFileType = text.plist.strings; name = en; path = en.lproj/InfoPlist.strings; sourceTree = "<group>"; };
		E5DD3DEF16816177003330CE /* main.m */ = {isa = PBXFileReference; lastKnownFileType = sourcecode.c.objc; path = main.m; sourceTree = "<group>"; };
		E5DD3DF116816177003330CE /* BreadTrip-Prefix.pch */ = {isa = PBXFileReference; lastKnownFileType = sourcecode.c.h; path = "BreadTrip-Prefix.pch"; sourceTree = "<group>"; };
		E5DD3DF216816177003330CE /* AppDelegate.h */ = {isa = PBXFileReference; lastKnownFileType = sourcecode.c.h; path = AppDelegate.h; sourceTree = "<group>"; };
		E5DD3DF316816177003330CE /* AppDelegate.m */ = {isa = PBXFileReference; lastKnownFileType = sourcecode.c.objc; path = AppDelegate.m; sourceTree = "<group>"; };
		E5DD3DF516816177003330CE /* Default.png */ = {isa = PBXFileReference; lastKnownFileType = image.png; path = Default.png; sourceTree = "<group>"; };
		E5DD3DF716816177003330CE /* Default@2x.png */ = {isa = PBXFileReference; lastKnownFileType = image.png; path = "Default@2x.png"; sourceTree = "<group>"; };
		E5DD3DF916816177003330CE /* Default-568h@2x.png */ = {isa = PBXFileReference; lastKnownFileType = image.png; path = "Default-568h@2x.png"; sourceTree = "<group>"; };
		E5DD3DFE16816177003330CE /* ViewController.h */ = {isa = PBXFileReference; lastKnownFileType = sourcecode.c.h; path = ViewController.h; sourceTree = "<group>"; };
		E5DD3DFF16816177003330CE /* ViewController.m */ = {isa = PBXFileReference; lastKnownFileType = sourcecode.c.objc; path = ViewController.m; sourceTree = "<group>"; };
/* End PBXFileReference section */

/* Begin PBXFrameworksBuildPhase section */
		E5DD3DDC16816176003330CE /* Frameworks */ = {
			isa = PBXFrameworksBuildPhase;
			buildActionMask = 2147483647;
			files = (
				E5DD3DE416816177003330CE /* UIKit.framework in Frameworks */,
				E5DD3DE616816177003330CE /* Foundation.framework in Frameworks */,
				E5DD3DE816816177003330CE /* CoreGraphics.framework in Frameworks */,
			);
			runOnlyForDeploymentPostprocessing = 0;
		};
/* End PBXFrameworksBuildPhase section */

/* Begin PBXGroup section */
		E54C7FF41683FA1D007F59A4 /* control */ = {
			isa = PBXGroup;
			children = (
				E54C807B1683FC25007F59A4 /* CustomerTabBarController.h */,
				E54C807C1683FC25007F59A4 /* CustomerTabBarController.m */,
				E54C807D1683FC25007F59A4 /* LoginInViewController.h */,
				E54C807E1683FC25007F59A4 /* LoginInViewController.m */,
				E54C807F1683FC25007F59A4 /* SignupViewController.h */,
				E54C80801683FC25007F59A4 /* SignupViewController.m */,
				E54C80811683FC25007F59A4 /* UnLoginViewController.h */,
				E54C80821683FC25007F59A4 /* UnLoginViewController.m */,
				E54C80831683FC25007F59A4 /* WeiBoViewController.h */,
				E54C80841683FC25007F59A4 /* WeiBoViewController.m */,
				E54C809D168443EF007F59A4 /* MainPicViewController.h */,
				E54C809E168443EF007F59A4 /* MainPicViewController.m */,
				E54C80A0168448A4007F59A4 /* HotTableViewCell.h */,
				E54C80A1168448A5007F59A4 /* HotTableViewCell.m */,
				E54C80A3168448BA007F59A4 /* LiveTableViewCell.h */,
				E54C80A4168448BA007F59A4 /* LiveTableViewCell.m */,
			);
			path = control;
			sourceTree = "<group>";
		};
		E54C7FF51683FA1D007F59A4 /* util */ = {
			isa = PBXGroup;
			children = (
				E54C809316843768007F59A4 /* TPKeyboardAvoidingScrollView.h */,
				E54C809416843768007F59A4 /* TPKeyboardAvoidingScrollView.m */,
				E54C80751683FBFE007F59A4 /* CustomerViewController.h */,
				E54C80761683FBFE007F59A4 /* CustomerViewController.m */,
				E54C80771683FBFE007F59A4 /* TabBarView.h */,
				E54C80781683FBFE007F59A4 /* TabBarView.m */,
			);
			path = util;
			sourceTree = "<group>";
		};
		E54C7FF71683FA2F007F59A4 /* images */ = {
			isa = PBXGroup;
			children = (
				E590C13B168845C9000506A5 /* location_pin.png */,
				E590C13C168845C9000506A5 /* location_pin@2x.png */,
				E590C13316884552000506A5 /* camera.png */,
				E590C13416884552000506A5 /* camera@2x.png */,
				E590C13516884553000506A5 /* clock_gray.png */,
				E590C13616884553000506A5 /* clock_gray@2x.png */,
				E590C12B16884234000506A5 /* notification_photo_background.png */,
				E590C12C16884234000506A5 /* notification_photo_background@2x.png */,
				E590C12D16884234000506A5 /* notification_text_background.png */,
				E590C12E16884234000506A5 /* notification_text_background@2x.png */,
				E590C11F168841A8000506A5 /* float_comment.png */,
				E590C120168841A8000506A5 /* float_comment@2x.png */,
				E590C121168841A8000506A5 /* float_like_highlight.png */,
				E590C122168841A8000506A5 /* float_like_highlight@2x.png */,
				E590C123168841A8000506A5 /* float_like.png */,
				E590C124168841A8000506A5 /* float_like@2x.png */,
				E590C11B16883DAA000506A5 /* background_normal_gray.png */,
				E590C11C16883DAA000506A5 /* background_normal_gray@2x.png */,
				E590C11716883D82000506A5 /* explore_hottrip_info_bg.png */,
				E590C11816883D82000506A5 /* explore_hottrip_info_bg@2x.png */,
				E54C80381683FBE5007F59A4 /* account_login.png */,
				E54C80391683FBE5007F59A4 /* account_login@2x.png */,
				E54C803A1683FBE5007F59A4 /* account_register.png */,
				E54C803B1683FBE5007F59A4 /* account_register@2x.png */,
				E54C803C1683FBE5007F59A4 /* geo_ok.png */,
				E54C803D1683FBE5007F59A4 /* geo_ok@2x.png */,
				E54C803E1683FBE5007F59A4 /* guest_bar_login.png */,
				E54C803F1683FBE5007F59A4 /* guest_bar_login@2x.png */,
				E54C80401683FBE5007F59A4 /* guest_bar_signup.png */,
				E54C80411683FBE5007F59A4 /* guest_bar_signup@2x.png */,
				E54C80421683FBE5007F59A4 /* guest_bar.png */,
				E54C80431683FBE5007F59A4 /* guest_bar@2x.png */,
				E54C80441683FBE5007F59A4 /* login_btn.png */,
				E54C80451683FBE5007F59A4 /* login_btn@2x.png */,
				E54C80461683FBE5007F59A4 /* message_bubble_me.png */,
				E54C80471683FBE5007F59A4 /* message_bubble_me@2x.png */,
				E54C80481683FBE5007F59A4 /* nav_back_highlight.png */,
				E54C80491683FBE5007F59A4 /* nav_back_highlight@2x.png */,
				E54C804A1683FBE5007F59A4 /* nav_back.png */,
				E54C804B1683FBE5007F59A4 /* nav_back@2x.png */,
				E54C804C1683FBE5007F59A4 /* navbar_blank.png */,
				E54C804D1683FBE5007F59A4 /* navbar_blank@2x.png */,
				E54C804E1683FBE5007F59A4 /* wishes_list_been_to_hl.png */,
				E54C804F1683FBE5007F59A4 /* wishes_list_been_to_hl@2x.png */,
				E54C80501683FBE5007F59A4 /* wishes_list_been_to.png */,
				E54C80511683FBE5007F59A4 /* wishes_list_been_to@2x.png */,
				E54C80521683FBE5007F59A4 /* wishes_list_want_to_go_hl.png */,
				E54C80531683FBE5007F59A4 /* wishes_list_want_to_go_hl@2x.png */,
				E54C80541683FBE5007F59A4 /* wishes_list_want_to_go.png */,
				E54C80551683FBE5007F59A4 /* wishes_list_want_to_go@2x.png */,
			);
			path = images;
			sourceTree = "<group>";
		};
		E590C0EF1688344E000506A5 /* cacheimage */ = {
			isa = PBXGroup;
			children = (
				E590C0F01688344E000506A5 /* IMG_0169.JPG */,
				E590C0F11688344E000506A5 /* IMG_0189.JPG */,
				E590C0F21688344E000506A5 /* IMG_0190.JPG */,
				E590C0F31688344E000506A5 /* IMG_0191.JPG */,
				E590C0F41688344E000506A5 /* IMG_0192.JPG */,
				E590C0F51688344E000506A5 /* IMG_0193.JPG */,
				E590C0F61688344E000506A5 /* IMG_0194.JPG */,
				E590C0F71688344E000506A5 /* IMG_0195.JPG */,
				E590C0F81688344E000506A5 /* IMG_0196.JPG */,
				E590C0F91688344E000506A5 /* IMG_0197.JPG */,
				E590C0FA1688344E000506A5 /* IMG_0198.JPG */,
				E590C0FB1688344E000506A5 /* IMG_0199.JPG */,
				E590C0FC1688344E000506A5 /* IMG_0200.JPG */,
				E590C0FD1688344E000506A5 /* IMG_0201.JPG */,
				E590C0FE1688344E000506A5 /* IMG_0202.JPG */,
			);
			path = cacheimage;
			sourceTree = "<group>";
		};
		E5DD3DD416816176003330CE = {
			isa = PBXGroup;
			children = (
				E5DD3DE916816177003330CE /* BreadTrip */,
				E5DD3DE216816177003330CE /* Frameworks */,
				E5DD3DE016816177003330CE /* Products */,
			);
			sourceTree = "<group>";
		};
		E5DD3DE016816177003330CE /* Products */ = {
			isa = PBXGroup;
			children = (
				E5DD3DDF16816177003330CE /* BreadTrip.app */,
			);
			name = Products;
			sourceTree = "<group>";
		};
		E5DD3DE216816177003330CE /* Frameworks */ = {
			isa = PBXGroup;
			children = (
				E5DD3DE316816177003330CE /* UIKit.framework */,
				E5DD3DE516816177003330CE /* Foundation.framework */,
				E5DD3DE716816177003330CE /* CoreGraphics.framework */,
			);
			name = Frameworks;
			sourceTree = "<group>";
		};
		E5DD3DE916816177003330CE /* BreadTrip */ = {
			isa = PBXGroup;
			children = (
				E5DD3DF216816177003330CE /* AppDelegate.h */,
				E5DD3DF316816177003330CE /* AppDelegate.m */,
				E5DD3DFE16816177003330CE /* ViewController.h */,
				E5DD3DFF16816177003330CE /* ViewController.m */,
				E54C808A1683FD13007F59A4 /* MainStoryboard.storyboard */,
				E54C7FF41683FA1D007F59A4 /* control */,
				E54C7FF51683FA1D007F59A4 /* util */,
				E5DD3DEA16816177003330CE /* Supporting Files */,
			);
			path = BreadTrip;
			sourceTree = "<group>";
		};
		E5DD3DEA16816177003330CE /* Supporting Files */ = {
			isa = PBXGroup;
			children = (
				E590C0EF1688344E000506A5 /* cacheimage */,
				E54C7FF71683FA2F007F59A4 /* images */,
				E5DD3DEB16816177003330CE /* BreadTrip-Info.plist */,
				E5DD3DEC16816177003330CE /* InfoPlist.strings */,
				E5DD3DEF16816177003330CE /* main.m */,
				E5DD3DF116816177003330CE /* BreadTrip-Prefix.pch */,
				E5DD3DF516816177003330CE /* Default.png */,
				E5DD3DF716816177003330CE /* Default@2x.png */,
				E5DD3DF916816177003330CE /* Default-568h@2x.png */,
			);
			name = "Supporting Files";
			sourceTree = "<group>";
		};
/* End PBXGroup section */

/* Begin PBXNativeTarget section */
		E5DD3DDE16816176003330CE /* BreadTrip */ = {
			isa = PBXNativeTarget;
			buildConfigurationList = E5DD3E0316816177003330CE /* Build configuration list for PBXNativeTarget "BreadTrip" */;
			buildPhases = (
				E5DD3DDB16816176003330CE /* Sources */,
				E5DD3DDC16816176003330CE /* Frameworks */,
				E5DD3DDD16816176003330CE /* Resources */,
			);
			buildRules = (
			);
			dependencies = (
			);
			name = BreadTrip;
			productName = BreadTrip;
			productReference = E5DD3DDF16816177003330CE /* BreadTrip.app */;
			productType = "com.apple.product-type.application";
		};
/* End PBXNativeTarget section */

/* Begin PBXProject section */
		E5DD3DD616816176003330CE /* Project object */ = {
			isa = PBXProject;
			attributes = {
				LastUpgradeCheck = 0450;
				ORGANIZATIONNAME = "LI Haiyun";
			};
			buildConfigurationList = E5DD3DD916816176003330CE /* Build configuration list for PBXProject "BreadTrip" */;
			compatibilityVersion = "Xcode 3.2";
			developmentRegion = English;
			hasScannedForEncodings = 0;
			knownRegions = (
				en,
			);
			mainGroup = E5DD3DD416816176003330CE;
			productRefGroup = E5DD3DE016816177003330CE /* Products */;
			projectDirPath = "";
			projectRoot = "";
			targets = (
				E5DD3DDE16816176003330CE /* BreadTrip */,
			);
		};
/* End PBXProject section */

/* Begin PBXResourcesBuildPhase section */
		E5DD3DDD16816176003330CE /* Resources */ = {
			isa = PBXResourcesBuildPhase;
			buildActionMask = 2147483647;
			files = (
				E5DD3DEE16816177003330CE /* InfoPlist.strings in Resources */,
				E5DD3DF616816177003330CE /* Default.png in Resources */,
				E5DD3DF816816177003330CE /* Default@2x.png in Resources */,
				E5DD3DFA16816177003330CE /* Default-568h@2x.png in Resources */,
				E54C80561683FBE5007F59A4 /* account_login.png in Resources */,
				E54C80571683FBE5007F59A4 /* account_login@2x.png in Resources */,
				E54C80581683FBE5007F59A4 /* account_register.png in Resources */,
				E54C80591683FBE5007F59A4 /* account_register@2x.png in Resources */,
				E54C805A1683FBE5007F59A4 /* geo_ok.png in Resources */,
				E54C805B1683FBE5007F59A4 /* geo_ok@2x.png in Resources */,
				E54C805C1683FBE5007F59A4 /* guest_bar_login.png in Resources */,
				E54C805D1683FBE5007F59A4 /* guest_bar_login@2x.png in Resources */,
				E54C805E1683FBE5007F59A4 /* guest_bar_signup.png in Resources */,
				E54C805F1683FBE5007F59A4 /* guest_bar_signup@2x.png in Resources */,
				E54C80601683FBE5007F59A4 /* guest_bar.png in Resources */,
				E54C80611683FBE5007F59A4 /* guest_bar@2x.png in Resources */,
				E54C80621683FBE5007F59A4 /* login_btn.png in Resources */,
				E54C80631683FBE5007F59A4 /* login_btn@2x.png in Resources */,
				E54C80641683FBE5007F59A4 /* message_bubble_me.png in Resources */,
				E54C80651683FBE5007F59A4 /* message_bubble_me@2x.png in Resources */,
				E54C80661683FBE5007F59A4 /* nav_back_highlight.png in Resources */,
				E54C80671683FBE5007F59A4 /* nav_back_highlight@2x.png in Resources */,
				E54C80681683FBE5007F59A4 /* nav_back.png in Resources */,
				E54C80691683FBE5007F59A4 /* nav_back@2x.png in Resources */,
				E54C806A1683FBE5007F59A4 /* navbar_blank.png in Resources */,
				E54C806B1683FBE5007F59A4 /* navbar_blank@2x.png in Resources */,
				E54C806C1683FBE5007F59A4 /* wishes_list_been_to_hl.png in Resources */,
				E54C806D1683FBE5007F59A4 /* wishes_list_been_to_hl@2x.png in Resources */,
				E54C806E1683FBE5007F59A4 /* wishes_list_been_to.png in Resources */,
				E54C806F1683FBE5007F59A4 /* wishes_list_been_to@2x.png in Resources */,
				E54C80701683FBE5007F59A4 /* wishes_list_want_to_go_hl.png in Resources */,
				E54C80711683FBE5007F59A4 /* wishes_list_want_to_go_hl@2x.png in Resources */,
				E54C80721683FBE5007F59A4 /* wishes_list_want_to_go.png in Resources */,
				E54C80731683FBE5007F59A4 /* wishes_list_want_to_go@2x.png in Resources */,
				E54C808B1683FD13007F59A4 /* MainStoryboard.storyboard in Resources */,
				E590C0FF1688344E000506A5 /* IMG_0169.JPG in Resources */,
				E590C1001688344E000506A5 /* IMG_0189.JPG in Resources */,
				E590C1011688344E000506A5 /* IMG_0190.JPG in Resources */,
				E590C1021688344E000506A5 /* IMG_0191.JPG in Resources */,
				E590C1031688344E000506A5 /* IMG_0192.JPG in Resources */,
				E590C1041688344E000506A5 /* IMG_0193.JPG in Resources */,
				E590C1051688344E000506A5 /* IMG_0194.JPG in Resources */,
				E590C1061688344E000506A5 /* IMG_0195.JPG in Resources */,
				E590C1071688344E000506A5 /* IMG_0196.JPG in Resources */,
				E590C1081688344E000506A5 /* IMG_0197.JPG in Resources */,
				E590C1091688344E000506A5 /* IMG_0198.JPG in Resources */,
				E590C10A1688344E000506A5 /* IMG_0199.JPG in Resources */,
				E590C10B1688344E000506A5 /* IMG_0200.JPG in Resources */,
				E590C10C1688344E000506A5 /* IMG_0201.JPG in Resources */,
				E590C10D1688344E000506A5 /* IMG_0202.JPG in Resources */,
				E590C11916883D82000506A5 /* explore_hottrip_info_bg.png in Resources */,
				E590C11A16883D82000506A5 /* explore_hottrip_info_bg@2x.png in Resources */,
				E590C11D16883DAA000506A5 /* background_normal_gray.png in Resources */,
				E590C11E16883DAA000506A5 /* background_normal_gray@2x.png in Resources */,
				E590C125168841A8000506A5 /* float_comment.png in Resources */,
				E590C126168841A8000506A5 /* float_comment@2x.png in Resources */,
				E590C127168841A8000506A5 /* float_like_highlight.png in Resources */,
				E590C128168841A8000506A5 /* float_like_highlight@2x.png in Resources */,
				E590C129168841A8000506A5 /* float_like.png in Resources */,
				E590C12A168841A8000506A5 /* float_like@2x.png in Resources */,
				E590C12F16884234000506A5 /* notification_photo_background.png in Resources */,
				E590C13016884234000506A5 /* notification_photo_background@2x.png in Resources */,
				E590C13116884234000506A5 /* notification_text_background.png in Resources */,
				E590C13216884234000506A5 /* notification_text_background@2x.png in Resources */,
				E590C13716884553000506A5 /* camera.png in Resources */,
				E590C13816884553000506A5 /* camera@2x.png in Resources */,
				E590C13916884553000506A5 /* clock_gray.png in Resources */,
				E590C13A16884553000506A5 /* clock_gray@2x.png in Resources */,
				E590C13D168845CA000506A5 /* location_pin.png in Resources */,
				E590C13E168845CA000506A5 /* location_pin@2x.png in Resources */,
			);
			runOnlyForDeploymentPostprocessing = 0;
		};
/* End PBXResourcesBuildPhase section */

/* Begin PBXSourcesBuildPhase section */
		E5DD3DDB16816176003330CE /* Sources */ = {
			isa = PBXSourcesBuildPhase;
			buildActionMask = 2147483647;
			files = (
				E5DD3DF016816177003330CE /* main.m in Sources */,
				E5DD3DF416816177003330CE /* AppDelegate.m in Sources */,
				E5DD3E0016816177003330CE /* ViewController.m in Sources */,
				E54C80791683FBFE007F59A4 /* CustomerViewController.m in Sources */,
				E54C807A1683FBFE007F59A4 /* TabBarView.m in Sources */,
				E54C80851683FC25007F59A4 /* CustomerTabBarController.m in Sources */,
				E54C80861683FC25007F59A4 /* LoginInViewController.m in Sources */,
				E54C80871683FC25007F59A4 /* SignupViewController.m in Sources */,
				E54C80881683FC25007F59A4 /* UnLoginViewController.m in Sources */,
				E54C80891683FC25007F59A4 /* WeiBoViewController.m in Sources */,
				E54C809516843768007F59A4 /* TPKeyboardAvoidingScrollView.m in Sources */,
				E54C809F168443EF007F59A4 /* MainPicViewController.m in Sources */,
				E54C80A2168448A5007F59A4 /* HotTableViewCell.m in Sources */,
				E54C80A5168448BB007F59A4 /* LiveTableViewCell.m in Sources */,
			);
			runOnlyForDeploymentPostprocessing = 0;
		};
/* End PBXSourcesBuildPhase section */

/* Begin PBXVariantGroup section */
		E5DD3DEC16816177003330CE /* InfoPlist.strings */ = {
			isa = PBXVariantGroup;
			children = (
				E5DD3DED16816177003330CE /* en */,
			);
			name = InfoPlist.strings;
			sourceTree = "<group>";
		};
/* End PBXVariantGroup section */

/* Begin XCBuildConfiguration section */
		E5DD3E0116816177003330CE /* Debug */ = {
			isa = XCBuildConfiguration;
			buildSettings = {
				ALWAYS_SEARCH_USER_PATHS = NO;
				CLANG_CXX_LANGUAGE_STANDARD = "gnu++0x";
				CLANG_CXX_LIBRARY = "libc++";
				CLANG_ENABLE_OBJC_ARC = YES;
				CLANG_WARN_EMPTY_BODY = YES;
				CLANG_WARN__DUPLICATE_METHOD_MATCH = YES;
				"CODE_SIGN_IDENTITY[sdk=iphoneos*]" = "iPhone Developer";
				COPY_PHASE_STRIP = NO;
				GCC_C_LANGUAGE_STANDARD = gnu99;
				GCC_DYNAMIC_NO_PIC = NO;
				GCC_OPTIMIZATION_LEVEL = 0;
				GCC_PREPROCESSOR_DEFINITIONS = (
					"DEBUG=1",
					"$(inherited)",
				);
				GCC_SYMBOLS_PRIVATE_EXTERN = NO;
				GCC_WARN_ABOUT_RETURN_TYPE = YES;
				GCC_WARN_UNINITIALIZED_AUTOS = YES;
				GCC_WARN_UNUSED_VARIABLE = YES;
				IPHONEOS_DEPLOYMENT_TARGET = 6.0;
				ONLY_ACTIVE_ARCH = YES;
				SDKROOT = iphoneos;
			};
			name = Debug;
		};
		E5DD3E0216816177003330CE /* Release */ = {
			isa = XCBuildConfiguration;
			buildSettings = {
				ALWAYS_SEARCH_USER_PATHS = NO;
				CLANG_CXX_LANGUAGE_STANDARD = "gnu++0x";
				CLANG_CXX_LIBRARY = "libc++";
				CLANG_ENABLE_OBJC_ARC = YES;
				CLANG_WARN_EMPTY_BODY = YES;
				CLANG_WARN__DUPLICATE_METHOD_MATCH = YES;
				"CODE_SIGN_IDENTITY[sdk=iphoneos*]" = "iPhone Developer";
				COPY_PHASE_STRIP = YES;
				GCC_C_LANGUAGE_STANDARD = gnu99;
				GCC_WARN_ABOUT_RETURN_TYPE = YES;
				GCC_WARN_UNINITIALIZED_AUTOS = YES;
				GCC_WARN_UNUSED_VARIABLE = YES;
				IPHONEOS_DEPLOYMENT_TARGET = 6.0;
				OTHER_CFLAGS = "-DNS_BLOCK_ASSERTIONS=1";
				SDKROOT = iphoneos;
				VALIDATE_PRODUCT = YES;
			};
			name = Release;
		};
		E5DD3E0416816177003330CE /* Debug */ = {
			isa = XCBuildConfiguration;
			buildSettings = {
				GCC_PRECOMPILE_PREFIX_HEADER = YES;
				GCC_PREFIX_HEADER = "BreadTrip/BreadTrip-Prefix.pch";
				INFOPLIST_FILE = "BreadTrip/BreadTrip-Info.plist";
				PRODUCT_NAME = "$(TARGET_NAME)";
				WRAPPER_EXTENSION = app;
			};
			name = Debug;
		};
		E5DD3E0516816177003330CE /* Release */ = {
			isa = XCBuildConfiguration;
			buildSettings = {
				GCC_PRECOMPILE_PREFIX_HEADER = YES;
				GCC_PREFIX_HEADER = "BreadTrip/BreadTrip-Prefix.pch";
				INFOPLIST_FILE = "BreadTrip/BreadTrip-Info.plist";
				PRODUCT_NAME = "$(TARGET_NAME)";
				WRAPPER_EXTENSION = app;
			};
			name = Release;
		};
/* End XCBuildConfiguration section */

/* Begin XCConfigurationList section */
		E5DD3DD916816176003330CE /* Build configuration list for PBXProject "BreadTrip" */ = {
			isa = XCConfigurationList;
			buildConfigurations = (
				E5DD3E0116816177003330CE /* Debug */,
				E5DD3E0216816177003330CE /* Release */,
			);
			defaultConfigurationIsVisible = 0;
			defaultConfigurationName = Release;
		};
		E5DD3E0316816177003330CE /* Build configuration list for PBXNativeTarget "BreadTrip" */ = {
			isa = XCConfigurationList;
			buildConfigurations = (
				E5DD3E0416816177003330CE /* Debug */,
				E5DD3E0516816177003330CE /* Release */,
			);
			defaultConfigurationIsVisible = 0;
			defaultConfigurationName = Release;
		};
/* End XCConfigurationList section */
	};
	rootObject = E5DD3DD616816176003330CE /* Project object */;
}
